
Microsoft Visual Studio Solution File, Format Version 12.00
# Visual Studio Version 17
VisualStudioVersion = 17.7.34031.279
MinimumVisualStudioVersion = 10.0.40219.1
Project("{FAE04EC0-301F-11D3-BF4B-00C04F79EFBC}") = "task1.2", "task1.2.csproj", "{B93DCF62-9889-4D28-9EFB-8C9BA74C1237}"
EndProject
Global
	GlobalSection(SolutionConfigurationPlatforms) = preSolution
		Debug|Any CPU = Debug|Any CPU
		Release|Any CPU = Release|Any CPU
	EndGlobalSection
	GlobalSection(ProjectConfigurationPlatforms) = postSolution
		{B93DCF62-9889-4D28-9EFB-8C9BA74C1237}.Debug|Any CPU.ActiveCfg = Debug|Any CPU
		{B93DCF62-9889-4D28-9EFB-8C9BA74C1237}.Debug|Any CPU.Build.0 = Debug|Any CPU
		{B93DCF62-9889-4D28-9EFB-8C9BA74C1237}.Release|Any CPU.ActiveCfg = Release|Any CPU
		{B93DCF62-9889-4D28-9EFB-8C9BA74C1237}.Release|Any CPU.Build.0 = Release|Any CPU
	EndGlobalSection
	GlobalSection(SolutionProperties) = preSolution
		HideSolutionNode = FALSE
	EndGlobalSection
	GlobalSection(ExtensibilityGlobals) = postSolution
		SolutionGuid = {6263465A-4B8E-44EE-BC20-004033DB5B3A}
	EndGlobalSection
EndGlobal
